
Microsoft Visual Studio Solution File, Format Version 12.00
# Visual Studio 15
VisualStudioVersion = 15.0.28307.271
MinimumVisualStudioVersion = 10.0.40219.1
Project("{3550B08E-D864-4561-B364-5EBE79884FE1}") = "DumpStructs", "DumpStructs.vcxproj", "{A95B6ABA-F8E4-4092-A472-1C08B0C5E882}"
EndProject
Global
	GlobalSection(SolutionConfigurationPlatforms) = preSolution
		Debug|x64 = Debug|x64
		Release|x64 = Release|x64
	EndGlobalSection
	GlobalSection(ProjectConfigurationPlatforms) = postSolution
		{A95B6ABA-F8E4-4092-A472-1C08B0C5E882}.Debug|x64.ActiveCfg = Debug|x64
		{A95B6ABA-F8E4-4092-A472-1C08B0C5E882}.Debug|x64.Build.0 = Debug|x64
		{A95B6ABA-F8E4-4092-A472-1C08B0C5E882}.Release|x64.ActiveCfg = Release|x64
		{A95B6ABA-F8E4-4092-A472-1C08B0C5E882}.Release|x64.Build.0 = Release|x64
	EndGlobalSection
	GlobalSection(SolutionProperties) = preSolution
		HideSolutionNode = FALSE
	EndGlobalSection
	GlobalSection(ExtensibilityGlobals) = postSolution
		SolutionGuid = {78D691DB-9D56-4167-BA85-F00ED4573C9B}
	EndGlobalSection
EndGlobal
