
Microsoft Visual Studio Solution File, Format Version 12.00
# Visual Studio Version 17
VisualStudioVersion = 17.3.32804.467
MinimumVisualStudioVersion = 10.0.40219.1
Project("{8BC9CEB8-8B4A-11D0-8D11-00A0C91BC942}") = "DumpStructs", "DumpStructs\DumpStructs.vcxproj", "{A95B6ABA-F8E4-4092-A472-1C08B0C5E882}"
EndProject
Project("{9A19103F-16F7-4668-BE54-9A1E7A4F7556}") = "DumpFormatter", "DumpFormatter\DumpFormatter.csproj", "{F2EEF722-EE93-44F6-BA5E-F9404D5EC319}"
EndProject
Global
	GlobalSection(SolutionConfigurationPlatforms) = preSolution
		Debug-GTA4|x64 = Debug-GTA4|x64
		Debug-GTA4|x86 = Debug-GTA4|x86
		Debug-GTA5|x64 = Debug-GTA5|x64
		Debug-GTA5|x86 = Debug-GTA5|x86
		Debug-RDR2|x64 = Debug-RDR2|x64
		Debug-RDR2|x86 = Debug-RDR2|x86
		Debug-RDR3|x64 = Debug-RDR3|x64
		Debug-RDR3|x86 = Debug-RDR3|x86
		Debug-MP3|x64 = Debug-MP3|x64
		Debug-MP3|x86 = Debug-MP3|x86
		Release-GTA4|x64 = Release-GTA4|x64
		Release-GTA4|x86 = Release-GTA4|x86
		Release-GTA5|x64 = Release-GTA5|x64
		Release-GTA5|x86 = Release-GTA5|x86
		Release-RDR2|x64 = Release-RDR2|x64
		Release-RDR2|x86 = Release-RDR2|x86
		Release-RDR3|x64 = Release-RDR3|x64
		Release-RDR3|x86 = Release-RDR3|x86
		Release-MP3|x64 = Release-MP3|x64
		Release-MP3|x86 = Release-MP3|x86
	EndGlobalSection
	GlobalSection(ProjectConfigurationPlatforms) = postSolution
		{A95B6ABA-F8E4-4092-A472-1C08B0C5E882}.Debug-GTA4|x64.ActiveCfg = Debug-GTA4|x64
		{A95B6ABA-F8E4-4092-A472-1C08B0C5E882}.Debug-GTA4|x86.ActiveCfg = Debug-GTA4|Win32
		{A95B6ABA-F8E4-4092-A472-1C08B0C5E882}.Debug-GTA4|x86.Build.0 = Debug-GTA4|Win32
		{A95B6ABA-F8E4-4092-A472-1C08B0C5E882}.Debug-GTA5|x64.ActiveCfg = Debug-GTA5|x64
		{A95B6ABA-F8E4-4092-A472-1C08B0C5E882}.Debug-GTA5|x64.Build.0 = Debug-GTA5|x64
		{A95B6ABA-F8E4-4092-A472-1C08B0C5E882}.Debug-GTA5|x86.ActiveCfg = Debug-GTA5|Win32
		{A95B6ABA-F8E4-4092-A472-1C08B0C5E882}.Debug-RDR2|x64.ActiveCfg = Debug-RDR2|x64
		{A95B6ABA-F8E4-4092-A472-1C08B0C5E882}.Debug-RDR2|x64.Build.0 = Debug-RDR2|x64
		{A95B6ABA-F8E4-4092-A472-1C08B0C5E882}.Debug-RDR2|x86.ActiveCfg = Debug-RDR2|Win32
		{A95B6ABA-F8E4-4092-A472-1C08B0C5E882}.Debug-RDR3|x64.ActiveCfg = Debug-RDR3|x64
		{A95B6ABA-F8E4-4092-A472-1C08B0C5E882}.Debug-RDR3|x64.Build.0 = Debug-RDR3|x64
		{A95B6ABA-F8E4-4092-A472-1C08B0C5E882}.Debug-RDR3|x86.ActiveCfg = Debug-RDR3|Win32
		{A95B6ABA-F8E4-4092-A472-1C08B0C5E882}.Debug-MP3|x64.ActiveCfg = Debug-MP3|x64
		{A95B6ABA-F8E4-4092-A472-1C08B0C5E882}.Debug-MP3|x86.ActiveCfg = Debug-MP3|Win32
		{A95B6ABA-F8E4-4092-A472-1C08B0C5E882}.Debug-MP3|x86.Build.0 = Debug-MP3|Win32
		{A95B6ABA-F8E4-4092-A472-1C08B0C5E882}.Release-GTA4|x64.ActiveCfg = Release-GTA4|x64
		{A95B6ABA-F8E4-4092-A472-1C08B0C5E882}.Release-GTA4|x86.ActiveCfg = Release-GTA4|Win32
		{A95B6ABA-F8E4-4092-A472-1C08B0C5E882}.Release-GTA4|x86.Build.0 = Release-GTA4|Win32
		{A95B6ABA-F8E4-4092-A472-1C08B0C5E882}.Release-GTA5|x64.ActiveCfg = Release-GTA5|x64
		{A95B6ABA-F8E4-4092-A472-1C08B0C5E882}.Release-GTA5|x64.Build.0 = Release-GTA5|x64
		{A95B6ABA-F8E4-4092-A472-1C08B0C5E882}.Release-GTA5|x86.ActiveCfg = Release-GTA5|Win32
		{A95B6ABA-F8E4-4092-A472-1C08B0C5E882}.Release-RDR2|x64.ActiveCfg = Release-RDR2|x64
		{A95B6ABA-F8E4-4092-A472-1C08B0C5E882}.Release-RDR2|x64.Build.0 = Release-RDR2|x64
		{A95B6ABA-F8E4-4092-A472-1C08B0C5E882}.Release-RDR2|x86.ActiveCfg = Release-RDR2|Win32
		{A95B6ABA-F8E4-4092-A472-1C08B0C5E882}.Release-RDR3|x64.ActiveCfg = Release-RDR3|x64
		{A95B6ABA-F8E4-4092-A472-1C08B0C5E882}.Release-RDR3|x64.Build.0 = Release-RDR3|x64
		{A95B6ABA-F8E4-4092-A472-1C08B0C5E882}.Release-RDR3|x86.ActiveCfg = Release-RDR3|Win32
		{A95B6ABA-F8E4-4092-A472-1C08B0C5E882}.Release-MP3|x64.ActiveCfg = Release-MP3|x64
		{A95B6ABA-F8E4-4092-A472-1C08B0C5E882}.Release-MP3|x86.ActiveCfg = Release-MP3|Win32
		{A95B6ABA-F8E4-4092-A472-1C08B0C5E882}.Release-MP3|x86.Build.0 = Release-MP3|Win32
		{F2EEF722-EE93-44F6-BA5E-F9404D5EC319}.Debug-GTA4|x64.ActiveCfg = Debug|Any CPU
		{F2EEF722-EE93-44F6-BA5E-F9404D5EC319}.Debug-GTA4|x64.Build.0 = Debug|Any CPU
		{F2EEF722-EE93-44F6-BA5E-F9404D5EC319}.Debug-GTA4|x86.ActiveCfg = Debug|Any CPU
		{F2EEF722-EE93-44F6-BA5E-F9404D5EC319}.Debug-GTA4|x86.Build.0 = Debug|Any CPU
		{F2EEF722-EE93-44F6-BA5E-F9404D5EC319}.Debug-GTA5|x64.ActiveCfg = Debug|Any CPU
		{F2EEF722-EE93-44F6-BA5E-F9404D5EC319}.Debug-GTA5|x64.Build.0 = Debug|Any CPU
		{F2EEF722-EE93-44F6-BA5E-F9404D5EC319}.Debug-GTA5|x86.ActiveCfg = Debug|Any CPU
		{F2EEF722-EE93-44F6-BA5E-F9404D5EC319}.Debug-GTA5|x86.Build.0 = Debug|Any CPU
		{F2EEF722-EE93-44F6-BA5E-F9404D5EC319}.Debug-RDR2|x64.ActiveCfg = Debug|Any CPU
		{F2EEF722-EE93-44F6-BA5E-F9404D5EC319}.Debug-RDR2|x64.Build.0 = Debug|Any CPU
		{F2EEF722-EE93-44F6-BA5E-F9404D5EC319}.Debug-RDR2|x86.ActiveCfg = Debug|Any CPU
		{F2EEF722-EE93-44F6-BA5E-F9404D5EC319}.Debug-RDR2|x86.Build.0 = Debug|Any CPU
		{F2EEF722-EE93-44F6-BA5E-F9404D5EC319}.Debug-RDR3|x64.ActiveCfg = Debug|Any CPU
		{F2EEF722-EE93-44F6-BA5E-F9404D5EC319}.Debug-RDR3|x64.Build.0 = Debug|Any CPU
		{F2EEF722-EE93-44F6-BA5E-F9404D5EC319}.Debug-RDR3|x86.ActiveCfg = Debug|Any CPU
		{F2EEF722-EE93-44F6-BA5E-F9404D5EC319}.Debug-RDR3|x86.Build.0 = Debug|Any CPU
		{F2EEF722-EE93-44F6-BA5E-F9404D5EC319}.Debug-MP3|x64.ActiveCfg = Debug|Any CPU
		{F2EEF722-EE93-44F6-BA5E-F9404D5EC319}.Debug-MP3|x64.Build.0 = Debug|Any CPU
		{F2EEF722-EE93-44F6-BA5E-F9404D5EC319}.Debug-MP3|x86.ActiveCfg = Debug|Any CPU
		{F2EEF722-EE93-44F6-BA5E-F9404D5EC319}.Debug-MP3|x86.Build.0 = Debug|Any CPU
		{F2EEF722-EE93-44F6-BA5E-F9404D5EC319}.Release-GTA4|x64.ActiveCfg = Release|Any CPU
		{F2EEF722-EE93-44F6-BA5E-F9404D5EC319}.Release-GTA4|x64.Build.0 = Release|Any CPU
		{F2EEF722-EE93-44F6-BA5E-F9404D5EC319}.Release-GTA4|x86.ActiveCfg = Release|Any CPU
		{F2EEF722-EE93-44F6-BA5E-F9404D5EC319}.Release-GTA4|x86.Build.0 = Release|Any CPU
		{F2EEF722-EE93-44F6-BA5E-F9404D5EC319}.Release-GTA5|x64.ActiveCfg = Release|Any CPU
		{F2EEF722-EE93-44F6-BA5E-F9404D5EC319}.Release-GTA5|x64.Build.0 = Release|Any CPU
		{F2EEF722-EE93-44F6-BA5E-F9404D5EC319}.Release-GTA5|x86.ActiveCfg = Release|Any CPU
		{F2EEF722-EE93-44F6-BA5E-F9404D5EC319}.Release-GTA5|x86.Build.0 = Release|Any CPU
		{F2EEF722-EE93-44F6-BA5E-F9404D5EC319}.Release-RDR2|x64.ActiveCfg = Release|Any CPU
		{F2EEF722-EE93-44F6-BA5E-F9404D5EC319}.Release-RDR2|x64.Build.0 = Release|Any CPU
		{F2EEF722-EE93-44F6-BA5E-F9404D5EC319}.Release-RDR2|x86.ActiveCfg = Release|Any CPU
		{F2EEF722-EE93-44F6-BA5E-F9404D5EC319}.Release-RDR2|x86.Build.0 = Release|Any CPU
		{F2EEF722-EE93-44F6-BA5E-F9404D5EC319}.Release-RDR3|x64.ActiveCfg = Release|Any CPU
		{F2EEF722-EE93-44F6-BA5E-F9404D5EC319}.Release-RDR3|x64.Build.0 = Release|Any CPU
		{F2EEF722-EE93-44F6-BA5E-F9404D5EC319}.Release-RDR3|x86.ActiveCfg = Release|Any CPU
		{F2EEF722-EE93-44F6-BA5E-F9404D5EC319}.Release-RDR3|x86.Build.0 = Release|Any CPU
		{F2EEF722-EE93-44F6-BA5E-F9404D5EC319}.Release-MP3|x64.ActiveCfg = Release|Any CPU
		{F2EEF722-EE93-44F6-BA5E-F9404D5EC319}.Release-MP3|x64.Build.0 = Release|Any CPU
		{F2EEF722-EE93-44F6-BA5E-F9404D5EC319}.Release-MP3|x86.ActiveCfg = Release|Any CPU
		{F2EEF722-EE93-44F6-BA5E-F9404D5EC319}.Release-MP3|x86.Build.0 = Release|Any CPU
	EndGlobalSection
	GlobalSection(SolutionProperties) = preSolution
		HideSolutionNode = FALSE
	EndGlobalSection
	GlobalSection(ExtensibilityGlobals) = postSolution
		SolutionGuid = {78D691DB-9D56-4167-BA85-F00ED4573C9B}
	EndGlobalSection
EndGlobal
